
Microsoft Visual Studio Solution File, Format Version 12.00
# Visual Studio Version 17
VisualStudioVersion = 17.13.35931.197 d17.13
MinimumVisualStudioVersion = 10.0.40219.1
Project("{FAE04EC0-301F-11D3-BF4B-00C04F79EFBC}") = "MyBudgetApp", "MyBudgetApp.csproj", "{FF4D416E-A7AD-4998-B3E0-DEC992BD6191}"
EndProject
Global
	GlobalSection(SolutionConfigurationPlatforms) = preSolution
		Debug|Any CPU = Debug|Any CPU
		Release|Any CPU = Release|Any CPU
	EndGlobalSection
	GlobalSection(ProjectConfigurationPlatforms) = postSolution
		{FF4D416E-A7AD-4998-B3E0-DEC992BD6191}.Debug|Any CPU.ActiveCfg = Debug|Any CPU
		{FF4D416E-A7AD-4998-B3E0-DEC992BD6191}.Debug|Any CPU.Build.0 = Debug|Any CPU
		{FF4D416E-A7AD-4998-B3E0-DEC992BD6191}.Release|Any CPU.ActiveCfg = Release|Any CPU
		{FF4D416E-A7AD-4998-B3E0-DEC992BD6191}.Release|Any CPU.Build.0 = Release|Any CPU
	EndGlobalSection
	GlobalSection(SolutionProperties) = preSolution
		HideSolutionNode = FALSE
	EndGlobalSection
	GlobalSection(ExtensibilityGlobals) = postSolution
		SolutionGuid = {3382E3F6-85BF-406A-8537-8665B133D1E3}
	EndGlobalSection
EndGlobal
